
Microsoft Visual Studio Solution File, Format Version 12.00
# Visual Studio 15
VisualStudioVersion = 15.0.27004.2009
MinimumVisualStudioVersion = 10.0.40219.1
Project("{9092AA53-FB77-4645-B42D-1CCCA6BD08BD}") = "YouTubeLastFM", "YouTubeLastFM.njsproj", "{F7C06D3F-F401-4FA8-A335-B1D429AB4A43}"
EndProject
Global
	GlobalSection(SolutionConfigurationPlatforms) = preSolution
		Debug|Any CPU = Debug|Any CPU
		Release|Any CPU = Release|Any CPU
	EndGlobalSection
	GlobalSection(ProjectConfigurationPlatforms) = postSolution
		{F7C06D3F-F401-4FA8-A335-B1D429AB4A43}.Debug|Any CPU.ActiveCfg = Debug|Any CPU
		{F7C06D3F-F401-4FA8-A335-B1D429AB4A43}.Debug|Any CPU.Build.0 = Debug|Any CPU
		{F7C06D3F-F401-4FA8-A335-B1D429AB4A43}.Release|Any CPU.ActiveCfg = Release|Any CPU
		{F7C06D3F-F401-4FA8-A335-B1D429AB4A43}.Release|Any CPU.Build.0 = Release|Any CPU
	EndGlobalSection
	GlobalSection(SolutionProperties) = preSolution
		HideSolutionNode = FALSE
	EndGlobalSection
	GlobalSection(ExtensibilityGlobals) = postSolution
		SolutionGuid = {C6135003-392E-461D-A4A0-523073045450}
	EndGlobalSection
EndGlobal
